
Microsoft Visual Studio Solution File, Format Version 12.00
# Visual Studio Version 17
VisualStudioVersion = 17.8.34525.116
MinimumVisualStudioVersion = 10.0.40219.1
Project("{9A19103F-16F7-4668-BE54-9A1E7A4F7556}") = "NFAI", "NFAI\NFAI.csproj", "{2A158CFB-8A13-49DF-8FC8-0D9482C9C975}"
EndProject
Project("{2150E333-8FDC-42A3-9474-1A3956D46DE8}") = "Solution Items", "Solution Items", "{87927046-3C49-43CF-AF8B-B5123874DF92}"
	ProjectSection(SolutionItems) = preProject
		.editorconfig = .editorconfig
	EndProjectSection
EndProject
Project("{FAE04EC0-301F-11D3-BF4B-00C04F79EFBC}") = "NFAI.Vulkan", "NFAI.Vulkan\NFAI.Vulkan.csproj", "{5F5B6526-C7D5-4480-BC43-9F01A68684E0}"
EndProject
Project("{FAE04EC0-301F-11D3-BF4B-00C04F79EFBC}") = "NFAI.Models.Llama3", "NFAI.Models.Llama3\NFAI.Models.Llama3.csproj", "{8F1A17F6-75FA-4288-81AB-700735EFDB60}"
EndProject
Project("{FAE04EC0-301F-11D3-BF4B-00C04F79EFBC}") = "NFAI.GGUF", "NFAI.GGUF\NFAI.GGUF.csproj", "{330D7964-4EF7-4D9B-897D-FBFC472B416F}"
EndProject
Project("{FAE04EC0-301F-11D3-BF4B-00C04F79EFBC}") = "NFAI.Core", "NFAI.Core\NFAI.Core.csproj", "{58E2AB39-C7CD-4188-A836-37F1C418BEEE}"
EndProject
Project("{FAE04EC0-301F-11D3-BF4B-00C04F79EFBC}") = "NFAI.Vulkan.Shaders", "NFAI.Vulkan.Shaders\NFAI.Vulkan.Shaders.csproj", "{A75CA38C-E41D-4043-AE48-D7358BC61AAD}"
EndProject
Project("{FAE04EC0-301F-11D3-BF4B-00C04F79EFBC}") = "NFAI.Models", "NFAI.Models\NFAI.Models.csproj", "{50B7E221-35A1-47F5-97D8-A1957A522AC1}"
EndProject
Global
	GlobalSection(SolutionConfigurationPlatforms) = preSolution
		Debug|Any CPU = Debug|Any CPU
		Debug|x64 = Debug|x64
		Debug|x86 = Debug|x86
		Release|Any CPU = Release|Any CPU
		Release|x64 = Release|x64
		Release|x86 = Release|x86
	EndGlobalSection
	GlobalSection(ProjectConfigurationPlatforms) = postSolution
		{2A158CFB-8A13-49DF-8FC8-0D9482C9C975}.Debug|Any CPU.ActiveCfg = Debug|Any CPU
		{2A158CFB-8A13-49DF-8FC8-0D9482C9C975}.Debug|Any CPU.Build.0 = Debug|Any CPU
		{2A158CFB-8A13-49DF-8FC8-0D9482C9C975}.Debug|x64.ActiveCfg = Debug|x64
		{2A158CFB-8A13-49DF-8FC8-0D9482C9C975}.Debug|x64.Build.0 = Debug|x64
		{2A158CFB-8A13-49DF-8FC8-0D9482C9C975}.Debug|x86.ActiveCfg = Debug|Any CPU
		{2A158CFB-8A13-49DF-8FC8-0D9482C9C975}.Debug|x86.Build.0 = Debug|Any CPU
		{2A158CFB-8A13-49DF-8FC8-0D9482C9C975}.Release|Any CPU.ActiveCfg = Release|Any CPU
		{2A158CFB-8A13-49DF-8FC8-0D9482C9C975}.Release|Any CPU.Build.0 = Release|Any CPU
		{2A158CFB-8A13-49DF-8FC8-0D9482C9C975}.Release|x64.ActiveCfg = Release|x64
		{2A158CFB-8A13-49DF-8FC8-0D9482C9C975}.Release|x64.Build.0 = Release|x64
		{2A158CFB-8A13-49DF-8FC8-0D9482C9C975}.Release|x86.ActiveCfg = Release|Any CPU
		{2A158CFB-8A13-49DF-8FC8-0D9482C9C975}.Release|x86.Build.0 = Release|Any CPU
		{5F5B6526-C7D5-4480-BC43-9F01A68684E0}.Debug|Any CPU.ActiveCfg = Debug|Any CPU
		{5F5B6526-C7D5-4480-BC43-9F01A68684E0}.Debug|Any CPU.Build.0 = Debug|Any CPU
		{5F5B6526-C7D5-4480-BC43-9F01A68684E0}.Debug|x64.ActiveCfg = Debug|Any CPU
		{5F5B6526-C7D5-4480-BC43-9F01A68684E0}.Debug|x64.Build.0 = Debug|Any CPU
		{5F5B6526-C7D5-4480-BC43-9F01A68684E0}.Debug|x86.ActiveCfg = Debug|Any CPU
		{5F5B6526-C7D5-4480-BC43-9F01A68684E0}.Debug|x86.Build.0 = Debug|Any CPU
		{5F5B6526-C7D5-4480-BC43-9F01A68684E0}.Release|Any CPU.ActiveCfg = Release|Any CPU
		{5F5B6526-C7D5-4480-BC43-9F01A68684E0}.Release|Any CPU.Build.0 = Release|Any CPU
		{5F5B6526-C7D5-4480-BC43-9F01A68684E0}.Release|x64.ActiveCfg = Release|Any CPU
		{5F5B6526-C7D5-4480-BC43-9F01A68684E0}.Release|x64.Build.0 = Release|Any CPU
		{5F5B6526-C7D5-4480-BC43-9F01A68684E0}.Release|x86.ActiveCfg = Release|Any CPU
		{5F5B6526-C7D5-4480-BC43-9F01A68684E0}.Release|x86.Build.0 = Release|Any CPU
		{8F1A17F6-75FA-4288-81AB-700735EFDB60}.Debug|Any CPU.ActiveCfg = Debug|Any CPU
		{8F1A17F6-75FA-4288-81AB-700735EFDB60}.Debug|Any CPU.Build.0 = Debug|Any CPU
		{8F1A17F6-75FA-4288-81AB-700735EFDB60}.Debug|x64.ActiveCfg = Debug|Any CPU
		{8F1A17F6-75FA-4288-81AB-700735EFDB60}.Debug|x64.Build.0 = Debug|Any CPU
		{8F1A17F6-75FA-4288-81AB-700735EFDB60}.Debug|x86.ActiveCfg = Debug|Any CPU
		{8F1A17F6-75FA-4288-81AB-700735EFDB60}.Debug|x86.Build.0 = Debug|Any CPU
		{8F1A17F6-75FA-4288-81AB-700735EFDB60}.Release|Any CPU.ActiveCfg = Release|Any CPU
		{8F1A17F6-75FA-4288-81AB-700735EFDB60}.Release|Any CPU.Build.0 = Release|Any CPU
		{8F1A17F6-75FA-4288-81AB-700735EFDB60}.Release|x64.ActiveCfg = Release|Any CPU
		{8F1A17F6-75FA-4288-81AB-700735EFDB60}.Release|x64.Build.0 = Release|Any CPU
		{8F1A17F6-75FA-4288-81AB-700735EFDB60}.Release|x86.ActiveCfg = Release|Any CPU
		{8F1A17F6-75FA-4288-81AB-700735EFDB60}.Release|x86.Build.0 = Release|Any CPU
		{330D7964-4EF7-4D9B-897D-FBFC472B416F}.Debug|Any CPU.ActiveCfg = Debug|Any CPU
		{330D7964-4EF7-4D9B-897D-FBFC472B416F}.Debug|Any CPU.Build.0 = Debug|Any CPU
		{330D7964-4EF7-4D9B-897D-FBFC472B416F}.Debug|x64.ActiveCfg = Debug|Any CPU
		{330D7964-4EF7-4D9B-897D-FBFC472B416F}.Debug|x64.Build.0 = Debug|Any CPU
		{330D7964-4EF7-4D9B-897D-FBFC472B416F}.Debug|x86.ActiveCfg = Debug|Any CPU
		{330D7964-4EF7-4D9B-897D-FBFC472B416F}.Debug|x86.Build.0 = Debug|Any CPU
		{330D7964-4EF7-4D9B-897D-FBFC472B416F}.Release|Any CPU.ActiveCfg = Release|Any CPU
		{330D7964-4EF7-4D9B-897D-FBFC472B416F}.Release|Any CPU.Build.0 = Release|Any CPU
		{330D7964-4EF7-4D9B-897D-FBFC472B416F}.Release|x64.ActiveCfg = Release|Any CPU
		{330D7964-4EF7-4D9B-897D-FBFC472B416F}.Release|x64.Build.0 = Release|Any CPU
		{330D7964-4EF7-4D9B-897D-FBFC472B416F}.Release|x86.ActiveCfg = Release|Any CPU
		{330D7964-4EF7-4D9B-897D-FBFC472B416F}.Release|x86.Build.0 = Release|Any CPU
		{58E2AB39-C7CD-4188-A836-37F1C418BEEE}.Debug|Any CPU.ActiveCfg = Debug|Any CPU
		{58E2AB39-C7CD-4188-A836-37F1C418BEEE}.Debug|Any CPU.Build.0 = Debug|Any CPU
		{58E2AB39-C7CD-4188-A836-37F1C418BEEE}.Debug|x64.ActiveCfg = Debug|Any CPU
		{58E2AB39-C7CD-4188-A836-37F1C418BEEE}.Debug|x64.Build.0 = Debug|Any CPU
		{58E2AB39-C7CD-4188-A836-37F1C418BEEE}.Debug|x86.ActiveCfg = Debug|Any CPU
		{58E2AB39-C7CD-4188-A836-37F1C418BEEE}.Debug|x86.Build.0 = Debug|Any CPU
		{58E2AB39-C7CD-4188-A836-37F1C418BEEE}.Release|Any CPU.ActiveCfg = Release|Any CPU
		{58E2AB39-C7CD-4188-A836-37F1C418BEEE}.Release|Any CPU.Build.0 = Release|Any CPU
		{58E2AB39-C7CD-4188-A836-37F1C418BEEE}.Release|x64.ActiveCfg = Release|Any CPU
		{58E2AB39-C7CD-4188-A836-37F1C418BEEE}.Release|x64.Build.0 = Release|Any CPU
		{58E2AB39-C7CD-4188-A836-37F1C418BEEE}.Release|x86.ActiveCfg = Release|Any CPU
		{58E2AB39-C7CD-4188-A836-37F1C418BEEE}.Release|x86.Build.0 = Release|Any CPU
		{A75CA38C-E41D-4043-AE48-D7358BC61AAD}.Debug|Any CPU.ActiveCfg = Debug|Any CPU
		{A75CA38C-E41D-4043-AE48-D7358BC61AAD}.Debug|Any CPU.Build.0 = Debug|Any CPU
		{A75CA38C-E41D-4043-AE48-D7358BC61AAD}.Debug|x64.ActiveCfg = Debug|Any CPU
		{A75CA38C-E41D-4043-AE48-D7358BC61AAD}.Debug|x64.Build.0 = Debug|Any CPU
		{A75CA38C-E41D-4043-AE48-D7358BC61AAD}.Debug|x86.ActiveCfg = Debug|Any CPU
		{A75CA38C-E41D-4043-AE48-D7358BC61AAD}.Debug|x86.Build.0 = Debug|Any CPU
		{A75CA38C-E41D-4043-AE48-D7358BC61AAD}.Release|Any CPU.ActiveCfg = Release|Any CPU
		{A75CA38C-E41D-4043-AE48-D7358BC61AAD}.Release|Any CPU.Build.0 = Release|Any CPU
		{A75CA38C-E41D-4043-AE48-D7358BC61AAD}.Release|x64.ActiveCfg = Release|Any CPU
		{A75CA38C-E41D-4043-AE48-D7358BC61AAD}.Release|x64.Build.0 = Release|Any CPU
		{A75CA38C-E41D-4043-AE48-D7358BC61AAD}.Release|x86.ActiveCfg = Release|Any CPU
		{A75CA38C-E41D-4043-AE48-D7358BC61AAD}.Release|x86.Build.0 = Release|Any CPU
		{50B7E221-35A1-47F5-97D8-A1957A522AC1}.Debug|Any CPU.ActiveCfg = Debug|Any CPU
		{50B7E221-35A1-47F5-97D8-A1957A522AC1}.Debug|Any CPU.Build.0 = Debug|Any CPU
		{50B7E221-35A1-47F5-97D8-A1957A522AC1}.Debug|x64.ActiveCfg = Debug|Any CPU
		{50B7E221-35A1-47F5-97D8-A1957A522AC1}.Debug|x64.Build.0 = Debug|Any CPU
		{50B7E221-35A1-47F5-97D8-A1957A522AC1}.Debug|x86.ActiveCfg = Debug|Any CPU
		{50B7E221-35A1-47F5-97D8-A1957A522AC1}.Debug|x86.Build.0 = Debug|Any CPU
		{50B7E221-35A1-47F5-97D8-A1957A522AC1}.Release|Any CPU.ActiveCfg = Release|Any CPU
		{50B7E221-35A1-47F5-97D8-A1957A522AC1}.Release|Any CPU.Build.0 = Release|Any CPU
		{50B7E221-35A1-47F5-97D8-A1957A522AC1}.Release|x64.ActiveCfg = Release|Any CPU
		{50B7E221-35A1-47F5-97D8-A1957A522AC1}.Release|x64.Build.0 = Release|Any CPU
		{50B7E221-35A1-47F5-97D8-A1957A522AC1}.Release|x86.ActiveCfg = Release|Any CPU
		{50B7E221-35A1-47F5-97D8-A1957A522AC1}.Release|x86.Build.0 = Release|Any CPU
	EndGlobalSection
	GlobalSection(SolutionProperties) = preSolution
		HideSolutionNode = FALSE
	EndGlobalSection
	GlobalSection(ExtensibilityGlobals) = postSolution
		SolutionGuid = {F2988E31-F3C3-4F80-90A5-28B4CBF586F6}
	EndGlobalSection
EndGlobal
